// !$*UTF8*$!
{
	archiveVersion = 1;
	classes = {
	};
	objectVersion = 46;
	objects = {

/* Begin PBXBuildFile section */
		D5D18BBD497F41C0990B917A /* libPods.a in Frameworks */ = {isa = PBXBuildFile; fileRef = 2B4939B4A1AF4330A21E4EB2 /* libPods.a */; };
		EE16A304199340780056FC60 /* Carbon.framework in Frameworks */ = {isa = PBXBuildFile; fileRef = EE16A303199340780056FC60 /* Carbon.framework */; };
		EE229A191A01D5FD0056BB60 /* MenuBarIcon.png in Resources */ = {isa = PBXBuildFile; fileRef = EE229A171A01D5FD0056BB60 /* MenuBarIcon.png */; };
		EE229A1A1A01D5FD0056BB60 /* MenuBarIcon@2x.png in Resources */ = {isa = PBXBuildFile; fileRef = EE229A181A01D5FD0056BB60 /* MenuBarIcon@2x.png */; };
		EE229A1C1A01D9790056BB60 /* AppIcon.icns in Resources */ = {isa = PBXBuildFile; fileRef = EE229A1B1A01D9790056BB60 /* AppIcon.icns */; };
		EE3745C41997FA8600485137 /* UserDefaultsManager.m in Sources */ = {isa = PBXBuildFile; fileRef = EE3745C31997FA8600485137 /* UserDefaultsManager.m */; };
		EE68C7321A3AACF7005378B4 /* RememberLast.m in Sources */ = {isa = PBXBuildFile; fileRef = EE68C7311A3AACF7005378B4 /* RememberLast.m */; };
		EE74E77C19E0419400E16C82 /* LaunchAtLoginController.m in Sources */ = {isa = PBXBuildFile; fileRef = EE74E77B19E0419400E16C82 /* LaunchAtLoginController.m */; };
		EE85868C19DB9C8400F9B375 /* AboutWindowController.m in Sources */ = {isa = PBXBuildFile; fileRef = EE85868A19DB9C8400F9B375 /* AboutWindowController.m */; };
		EE85868D19DB9C8400F9B375 /* AboutWindowController.xib in Resources */ = {isa = PBXBuildFile; fileRef = EE85868B19DB9C8400F9B375 /* AboutWindowController.xib */; };
		EE9EE09819A4599200A94668 /* InputSourceMenuItem.m in Sources */ = {isa = PBXBuildFile; fileRef = EE9EE09719A4599200A94668 /* InputSourceMenuItem.m */; };
		EEA4F49F19927BD500A4DF95 /* Cocoa.framework in Frameworks */ = {isa = PBXBuildFile; fileRef = EEA4F49E19927BD500A4DF95 /* Cocoa.framework */; };
		EEA4F4A919927BD500A4DF95 /* InfoPlist.strings in Resources */ = {isa = PBXBuildFile; fileRef = EEA4F4A719927BD500A4DF95 /* InfoPlist.strings */; };
		EEA4F4AB19927BD500A4DF95 /* main.m in Sources */ = {isa = PBXBuildFile; fileRef = EEA4F4AA19927BD500A4DF95 /* main.m */; };
		EEA4F4AF19927BD500A4DF95 /* Credits.rtf in Resources */ = {isa = PBXBuildFile; fileRef = EEA4F4AD19927BD500A4DF95 /* Credits.rtf */; };
		EEA4F4B219927BD500A4DF95 /* AppDelegate.m in Sources */ = {isa = PBXBuildFile; fileRef = EEA4F4B119927BD500A4DF95 /* AppDelegate.m */; };
		EEA4F4B519927BD500A4DF95 /* MainMenu.xib in Resources */ = {isa = PBXBuildFile; fileRef = EEA4F4B319927BD500A4DF95 /* MainMenu.xib */; };
		EEA4F4B719927BD500A4DF95 /* Images.xcassets in Resources */ = {isa = PBXBuildFile; fileRef = EEA4F4B619927BD500A4DF95 /* Images.xcassets */; };
		EEA4F4BE19927BD500A4DF95 /* XCTest.framework in Frameworks */ = {isa = PBXBuildFile; fileRef = EEA4F4BD19927BD500A4DF95 /* XCTest.framework */; };
		EEA4F4BF19927BD500A4DF95 /* Cocoa.framework in Frameworks */ = {isa = PBXBuildFile; fileRef = EEA4F49E19927BD500A4DF95 /* Cocoa.framework */; };
		EEA4F4C719927BD500A4DF95 /* InfoPlist.strings in Resources */ = {isa = PBXBuildFile; fileRef = EEA4F4C519927BD500A4DF95 /* InfoPlist.strings */; };
		EEA4F4C919927BD500A4DF95 /* InputSourceMonitorTests.m in Sources */ = {isa = PBXBuildFile; fileRef = EEA4F4C819927BD500A4DF95 /* InputSourceMonitorTests.m */; };
		EEA92E13199FA65800A5A22B /* AppFinder.m in Sources */ = {isa = PBXBuildFile; fileRef = EEA92E12199FA65800A5A22B /* AppFinder.m */; };
		EEA92E1D199FACBE00A5A22B /* PreferencesViewController.m in Sources */ = {isa = PBXBuildFile; fileRef = EEA92E1C199FACBE00A5A22B /* PreferencesViewController.m */; };
		EEA92E20199FBB7B00A5A22B /* AppMenuItem.m in Sources */ = {isa = PBXBuildFile; fileRef = EEA92E1F199FBB7B00A5A22B /* AppMenuItem.m */; };
		EEA92E23199FC69500A5A22B /* AppsPopUpButton.m in Sources */ = {isa = PBXBuildFile; fileRef = EEA92E22199FC69500A5A22B /* AppsPopUpButton.m */; };
		EEAC9CF419AD65C900FAEE39 /* StoredApps.m in Sources */ = {isa = PBXBuildFile; fileRef = EEAC9CF319AD65C900FAEE39 /* StoredApps.m */; };
		EEAEA19B19A26BC000CCA51E /* InputSourcePopUpButton.m in Sources */ = {isa = PBXBuildFile; fileRef = EEAEA19A19A26BC000CCA51E /* InputSourcePopUpButton.m */; };
		EEAF4F2319951FB90009C061 /* InputSource.m in Sources */ = {isa = PBXBuildFile; fileRef = EEAF4F2219951FB90009C061 /* InputSource.m */; };
		EEAF4F2519952A450009C061 /* ScriptingBridge.framework in Frameworks */ = {isa = PBXBuildFile; fileRef = EEAF4F2419952A450009C061 /* ScriptingBridge.framework */; };
		EEAF4F28199587DC0009C061 /* ApplicationObserver.m in Sources */ = {isa = PBXBuildFile; fileRef = EEAF4F27199587DC0009C061 /* ApplicationObserver.m */; };
		EECA77F119C6A6E300505288 /* update-50.png in Resources */ = {isa = PBXBuildFile; fileRef = EECA77F019C6A6E300505288 /* update-50.png */; };
		EEDBAD3C19DE26CB00FBAED1 /* Sparkle.framework in Frameworks */ = {isa = PBXBuildFile; fileRef = EEDBAD3B19DE26CB00FBAED1 /* Sparkle.framework */; };
		EEDBAD3E19DE270800FBAED1 /* Sparkle.framework in CopyFiles */ = {isa = PBXBuildFile; fileRef = EEDBAD3B19DE26CB00FBAED1 /* Sparkle.framework */; settings = {ATTRIBUTES = (CodeSignOnCopy, RemoveHeadersOnCopy, ); }; };
		EEDBAD4019DE2A0F00FBAED1 /* dsa_pub.pem in Resources */ = {isa = PBXBuildFile; fileRef = EEDBAD3F19DE2A0F00FBAED1 /* dsa_pub.pem */; };
/* End PBXBuildFile section */

/* Begin PBXContainerItemProxy section */
		EEA4F4C019927BD500A4DF95 /* PBXContainerItemProxy */ = {
			isa = PBXContainerItemProxy;
			containerPortal = EEA4F49319927BD500A4DF95 /* Project object */;
			proxyType = 1;
			remoteGlobalIDString = EEA4F49A19927BD500A4DF95;
			remoteInfo = InputSourceChecker;
		};
/* End PBXContainerItemProxy section */

/* Begin PBXCopyFilesBuildPhase section */
		EEDBAD3D19DE26F100FBAED1 /* CopyFiles */ = {
			isa = PBXCopyFilesBuildPhase;
			buildActionMask = 2147483647;
			dstPath = "";
			dstSubfolderSpec = 10;
			files = (
				EEDBAD3E19DE270800FBAED1 /* Sparkle.framework in CopyFiles */,
			);
			runOnlyForDeploymentPostprocessing = 0;
		};
/* End PBXCopyFilesBuildPhase section */

/* Begin PBXFileReference section */
		2B4939B4A1AF4330A21E4EB2 /* libPods.a */ = {isa = PBXFileReference; explicitFileType = archive.ar; includeInIndex = 0; path = libPods.a; sourceTree = BUILT_PRODUCTS_DIR; };
		A3D3FA00A1D746D7BBCB7A0F /* Pods.xcconfig */ = {isa = PBXFileReference; includeInIndex = 1; lastKnownFileType = text.xcconfig; name = Pods.xcconfig; path = Pods/Pods.xcconfig; sourceTree = "<group>"; };
		EE16A303199340780056FC60 /* Carbon.framework */ = {isa = PBXFileReference; lastKnownFileType = wrapper.framework; name = Carbon.framework; path = System/Library/Frameworks/Carbon.framework; sourceTree = SDKROOT; };
		EE229A171A01D5FD0056BB60 /* MenuBarIcon.png */ = {isa = PBXFileReference; lastKnownFileType = image.png; name = MenuBarIcon.png; path = Assets/MenuBarIcon.png; sourceTree = "<group>"; };
		EE229A181A01D5FD0056BB60 /* MenuBarIcon@2x.png */ = {isa = PBXFileReference; lastKnownFileType = image.png; name = "MenuBarIcon@2x.png"; path = "Assets/MenuBarIcon@2x.png"; sourceTree = "<group>"; };
		EE229A1B1A01D9790056BB60 /* AppIcon.icns */ = {isa = PBXFileReference; lastKnownFileType = image.icns; name = AppIcon.icns; path = Assets/AppIcon.icns; sourceTree = "<group>"; };
		EE3745C21997FA8600485137 /* UserDefaultsManager.h */ = {isa = PBXFileReference; fileEncoding = 4; lastKnownFileType = sourcecode.c.h; path = UserDefaultsManager.h; sourceTree = "<group>"; };
		EE3745C31997FA8600485137 /* UserDefaultsManager.m */ = {isa = PBXFileReference; fileEncoding = 4; lastKnownFileType = sourcecode.c.objc; path = UserDefaultsManager.m; sourceTree = "<group>"; };
		EE68C7301A3AACF7005378B4 /* RememberLast.h */ = {isa = PBXFileReference; fileEncoding = 4; lastKnownFileType = sourcecode.c.h; path = RememberLast.h; sourceTree = "<group>"; };
		EE68C7311A3AACF7005378B4 /* RememberLast.m */ = {isa = PBXFileReference; fileEncoding = 4; lastKnownFileType = sourcecode.c.objc; path = RememberLast.m; sourceTree = "<group>"; };
		EE74E77A19E0419400E16C82 /* LaunchAtLoginController.h */ = {isa = PBXFileReference; fileEncoding = 4; lastKnownFileType = sourcecode.c.h; path = LaunchAtLoginController.h; sourceTree = "<group>"; };
		EE74E77B19E0419400E16C82 /* LaunchAtLoginController.m */ = {isa = PBXFileReference; fileEncoding = 4; lastKnownFileType = sourcecode.c.objc; path = LaunchAtLoginController.m; sourceTree = "<group>"; };
		EE85868919DB9C8400F9B375 /* AboutWindowController.h */ = {isa = PBXFileReference; fileEncoding = 4; lastKnownFileType = sourcecode.c.h; path = AboutWindowController.h; sourceTree = "<group>"; };
		EE85868A19DB9C8400F9B375 /* AboutWindowController.m */ = {isa = PBXFileReference; fileEncoding = 4; lastKnownFileType = sourcecode.c.objc; path = AboutWindowController.m; sourceTree = "<group>"; };
		EE85868B19DB9C8400F9B375 /* AboutWindowController.xib */ = {isa = PBXFileReference; fileEncoding = 4; lastKnownFileType = file.xib; path = AboutWindowController.xib; sourceTree = "<group>"; };
		EE9EE09619A4599200A94668 /* InputSourceMenuItem.h */ = {isa = PBXFileReference; fileEncoding = 4; lastKnownFileType = sourcecode.c.h; path = InputSourceMenuItem.h; sourceTree = "<group>"; };
		EE9EE09719A4599200A94668 /* InputSourceMenuItem.m */ = {isa = PBXFileReference; fileEncoding = 4; lastKnownFileType = sourcecode.c.objc; path = InputSourceMenuItem.m; sourceTree = "<group>"; };
		EEA4F49B19927BD500A4DF95 /* Langy.app */ = {isa = PBXFileReference; explicitFileType = wrapper.application; includeInIndex = 0; path = Langy.app; sourceTree = BUILT_PRODUCTS_DIR; };
		EEA4F49E19927BD500A4DF95 /* Cocoa.framework */ = {isa = PBXFileReference; lastKnownFileType = wrapper.framework; name = Cocoa.framework; path = System/Library/Frameworks/Cocoa.framework; sourceTree = SDKROOT; };
		EEA4F4A119927BD500A4DF95 /* AppKit.framework */ = {isa = PBXFileReference; lastKnownFileType = wrapper.framework; name = AppKit.framework; path = System/Library/Frameworks/AppKit.framework; sourceTree = SDKROOT; };
		EEA4F4A219927BD500A4DF95 /* CoreData.framework */ = {isa = PBXFileReference; lastKnownFileType = wrapper.framework; name = CoreData.framework; path = System/Library/Frameworks/CoreData.framework; sourceTree = SDKROOT; };
		EEA4F4A319927BD500A4DF95 /* Foundation.framework */ = {isa = PBXFileReference; lastKnownFileType = wrapper.framework; name = Foundation.framework; path = System/Library/Frameworks/Foundation.framework; sourceTree = SDKROOT; };
		EEA4F4A619927BD500A4DF95 /* Langy-Info.plist */ = {isa = PBXFileReference; lastKnownFileType = text.plist.xml; path = "Langy-Info.plist"; sourceTree = "<group>"; };
		EEA4F4A819927BD500A4DF95 /* en */ = {isa = PBXFileReference; lastKnownFileType = text.plist.strings; name = en; path = en.lproj/InfoPlist.strings; sourceTree = "<group>"; };
		EEA4F4AA19927BD500A4DF95 /* main.m */ = {isa = PBXFileReference; lastKnownFileType = sourcecode.c.objc; path = main.m; sourceTree = "<group>"; };
		EEA4F4AC19927BD500A4DF95 /* Langy-Prefix.pch */ = {isa = PBXFileReference; lastKnownFileType = sourcecode.c.h; path = "Langy-Prefix.pch"; sourceTree = "<group>"; };
		EEA4F4AE19927BD500A4DF95 /* en */ = {isa = PBXFileReference; lastKnownFileType = text.rtf; name = en; path = en.lproj/Credits.rtf; sourceTree = "<group>"; };
		EEA4F4B019927BD500A4DF95 /* AppDelegate.h */ = {isa = PBXFileReference; lastKnownFileType = sourcecode.c.h; path = AppDelegate.h; sourceTree = "<group>"; };
		EEA4F4B119927BD500A4DF95 /* AppDelegate.m */ = {isa = PBXFileReference; lastKnownFileType = sourcecode.c.objc; path = AppDelegate.m; sourceTree = "<group>"; };
		EEA4F4B419927BD500A4DF95 /* Base */ = {isa = PBXFileReference; lastKnownFileType = file.xib; name = Base; path = Base.lproj/MainMenu.xib; sourceTree = "<group>"; };
		EEA4F4B619927BD500A4DF95 /* Images.xcassets */ = {isa = PBXFileReference; lastKnownFileType = folder.assetcatalog; path = Images.xcassets; sourceTree = "<group>"; };
		EEA4F4BC19927BD500A4DF95 /* LangyTests.xctest */ = {isa = PBXFileReference; explicitFileType = wrapper.cfbundle; includeInIndex = 0; path = LangyTests.xctest; sourceTree = BUILT_PRODUCTS_DIR; };
		EEA4F4BD19927BD500A4DF95 /* XCTest.framework */ = {isa = PBXFileReference; lastKnownFileType = wrapper.framework; name = XCTest.framework; path = Library/Frameworks/XCTest.framework; sourceTree = DEVELOPER_DIR; };
		EEA4F4C419927BD500A4DF95 /* LangyTests-Info.plist */ = {isa = PBXFileReference; lastKnownFileType = text.plist.xml; path = "LangyTests-Info.plist"; sourceTree = "<group>"; };
		EEA4F4C619927BD500A4DF95 /* en */ = {isa = PBXFileReference; lastKnownFileType = text.plist.strings; name = en; path = en.lproj/InfoPlist.strings; sourceTree = "<group>"; };
		EEA4F4C819927BD500A4DF95 /* InputSourceMonitorTests.m */ = {isa = PBXFileReference; lastKnownFileType = sourcecode.c.objc; path = InputSourceMonitorTests.m; sourceTree = "<group>"; };
		EEA92E11199FA65800A5A22B /* AppFinder.h */ = {isa = PBXFileReference; fileEncoding = 4; lastKnownFileType = sourcecode.c.h; path = AppFinder.h; sourceTree = "<group>"; };
		EEA92E12199FA65800A5A22B /* AppFinder.m */ = {isa = PBXFileReference; fileEncoding = 4; lastKnownFileType = sourcecode.c.objc; path = AppFinder.m; sourceTree = "<group>"; };
		EEA92E1B199FACBE00A5A22B /* PreferencesViewController.h */ = {isa = PBXFileReference; fileEncoding = 4; lastKnownFileType = sourcecode.c.h; path = PreferencesViewController.h; sourceTree = "<group>"; };
		EEA92E1C199FACBE00A5A22B /* PreferencesViewController.m */ = {isa = PBXFileReference; fileEncoding = 4; lastKnownFileType = sourcecode.c.objc; path = PreferencesViewController.m; sourceTree = "<group>"; };
		EEA92E1E199FBB7B00A5A22B /* AppMenuItem.h */ = {isa = PBXFileReference; fileEncoding = 4; lastKnownFileType = sourcecode.c.h; path = AppMenuItem.h; sourceTree = "<group>"; };
		EEA92E1F199FBB7B00A5A22B /* AppMenuItem.m */ = {isa = PBXFileReference; fileEncoding = 4; lastKnownFileType = sourcecode.c.objc; path = AppMenuItem.m; sourceTree = "<group>"; };
		EEA92E21199FC69500A5A22B /* AppsPopUpButton.h */ = {isa = PBXFileReference; fileEncoding = 4; lastKnownFileType = sourcecode.c.h; path = AppsPopUpButton.h; sourceTree = "<group>"; };
		EEA92E22199FC69500A5A22B /* AppsPopUpButton.m */ = {isa = PBXFileReference; fileEncoding = 4; lastKnownFileType = sourcecode.c.objc; path = AppsPopUpButton.m; sourceTree = "<group>"; };
		EEAC9CF219AD65C900FAEE39 /* StoredApps.h */ = {isa = PBXFileReference; fileEncoding = 4; lastKnownFileType = sourcecode.c.h; path = StoredApps.h; sourceTree = "<group>"; };
		EEAC9CF319AD65C900FAEE39 /* StoredApps.m */ = {isa = PBXFileReference; fileEncoding = 4; lastKnownFileType = sourcecode.c.objc; path = StoredApps.m; sourceTree = "<group>"; };
		EEAEA19919A26BC000CCA51E /* InputSourcePopUpButton.h */ = {isa = PBXFileReference; fileEncoding = 4; lastKnownFileType = sourcecode.c.h; path = InputSourcePopUpButton.h; sourceTree = "<group>"; };
		EEAEA19A19A26BC000CCA51E /* InputSourcePopUpButton.m */ = {isa = PBXFileReference; fileEncoding = 4; lastKnownFileType = sourcecode.c.objc; path = InputSourcePopUpButton.m; sourceTree = "<group>"; };
		EEAF4F2119951FB90009C061 /* InputSource.h */ = {isa = PBXFileReference; fileEncoding = 4; lastKnownFileType = sourcecode.c.h; path = InputSource.h; sourceTree = "<group>"; };
		EEAF4F2219951FB90009C061 /* InputSource.m */ = {isa = PBXFileReference; fileEncoding = 4; lastKnownFileType = sourcecode.c.objc; path = InputSource.m; sourceTree = "<group>"; };
		EEAF4F2419952A450009C061 /* ScriptingBridge.framework */ = {isa = PBXFileReference; lastKnownFileType = wrapper.framework; name = ScriptingBridge.framework; path = System/Library/Frameworks/ScriptingBridge.framework; sourceTree = SDKROOT; };
		EEAF4F26199587DC0009C061 /* ApplicationObserver.h */ = {isa = PBXFileReference; fileEncoding = 4; lastKnownFileType = sourcecode.c.h; path = ApplicationObserver.h; sourceTree = "<group>"; };
		EEAF4F27199587DC0009C061 /* ApplicationObserver.m */ = {isa = PBXFileReference; fileEncoding = 4; lastKnownFileType = sourcecode.c.objc; path = ApplicationObserver.m; sourceTree = "<group>"; };
		EECA77F019C6A6E300505288 /* update-50.png */ = {isa = PBXFileReference; lastKnownFileType = image.png; name = "update-50.png"; path = "Assets/update-50.png"; sourceTree = "<group>"; };
		EEDBAD3B19DE26CB00FBAED1 /* Sparkle.framework */ = {isa = PBXFileReference; lastKnownFileType = wrapper.framework; name = Sparkle.framework; path = Pods/Sparkle/Sparkle.framework; sourceTree = "<group>"; };
		EEDBAD3F19DE2A0F00FBAED1 /* dsa_pub.pem */ = {isa = PBXFileReference; fileEncoding = 4; lastKnownFileType = text; name = dsa_pub.pem; path = Certs/dsa_pub.pem; sourceTree = "<group>"; };
/* End PBXFileReference section */

/* Begin PBXFrameworksBuildPhase section */
		EEA4F49819927BD500A4DF95 /* Frameworks */ = {
			isa = PBXFrameworksBuildPhase;
			buildActionMask = 2147483647;
			files = (
				EEAF4F2519952A450009C061 /* ScriptingBridge.framework in Frameworks */,
				EE16A304199340780056FC60 /* Carbon.framework in Frameworks */,
				EEDBAD3C19DE26CB00FBAED1 /* Sparkle.framework in Frameworks */,
				EEA4F49F19927BD500A4DF95 /* Cocoa.framework in Frameworks */,
				D5D18BBD497F41C0990B917A /* libPods.a in Frameworks */,
			);
			runOnlyForDeploymentPostprocessing = 0;
		};
		EEA4F4B919927BD500A4DF95 /* Frameworks */ = {
			isa = PBXFrameworksBuildPhase;
			buildActionMask = 2147483647;
			files = (
				EEA4F4BF19927BD500A4DF95 /* Cocoa.framework in Frameworks */,
				EEA4F4BE19927BD500A4DF95 /* XCTest.framework in Frameworks */,
			);
			runOnlyForDeploymentPostprocessing = 0;
		};
/* End PBXFrameworksBuildPhase section */

/* Begin PBXGroup section */
		EE74E77919E0419400E16C82 /* Lib */ = {
			isa = PBXGroup;
			children = (
				EE74E77A19E0419400E16C82 /* LaunchAtLoginController.h */,
				EE74E77B19E0419400E16C82 /* LaunchAtLoginController.m */,
			);
			path = Lib;
			sourceTree = "<group>";
		};
		EEA4F49219927BD500A4DF95 = {
			isa = PBXGroup;
			children = (
				EEA4F4A419927BD500A4DF95 /* InputSourceMonitor */,
				EEA4F4C219927BD500A4DF95 /* InputSourceMonitorTests */,
				EEA4F49D19927BD500A4DF95 /* Frameworks */,
				EEA4F49C19927BD500A4DF95 /* Products */,
				A3D3FA00A1D746D7BBCB7A0F /* Pods.xcconfig */,
			);
			sourceTree = "<group>";
		};
		EEA4F49C19927BD500A4DF95 /* Products */ = {
			isa = PBXGroup;
			children = (
				EEA4F49B19927BD500A4DF95 /* Langy.app */,
				EEA4F4BC19927BD500A4DF95 /* LangyTests.xctest */,
			);
			name = Products;
			sourceTree = "<group>";
		};
		EEA4F49D19927BD500A4DF95 /* Frameworks */ = {
			isa = PBXGroup;
			children = (
				EEDBAD3B19DE26CB00FBAED1 /* Sparkle.framework */,
				EEAF4F2419952A450009C061 /* ScriptingBridge.framework */,
				EE16A303199340780056FC60 /* Carbon.framework */,
				EEA4F49E19927BD500A4DF95 /* Cocoa.framework */,
				EEA4F4BD19927BD500A4DF95 /* XCTest.framework */,
				EEA4F4A019927BD500A4DF95 /* Other Frameworks */,
				2B4939B4A1AF4330A21E4EB2 /* libPods.a */,
			);
			name = Frameworks;
			sourceTree = "<group>";
		};
		EEA4F4A019927BD500A4DF95 /* Other Frameworks */ = {
			isa = PBXGroup;
			children = (
				EEA4F4A119927BD500A4DF95 /* AppKit.framework */,
				EEA4F4A219927BD500A4DF95 /* CoreData.framework */,
				EEA4F4A319927BD500A4DF95 /* Foundation.framework */,
			);
			name = "Other Frameworks";
			sourceTree = "<group>";
		};
		EEA4F4A419927BD500A4DF95 /* InputSourceMonitor */ = {
			isa = PBXGroup;
			children = (
				EE74E77919E0419400E16C82 /* Lib */,
				EEA92E1A199FACBE00A5A22B /* UI */,
				EEAF4F2019951F480009C061 /* Classes */,
				EEA4F4B019927BD500A4DF95 /* AppDelegate.h */,
				EEA4F4B119927BD500A4DF95 /* AppDelegate.m */,
				EEA4F4B319927BD500A4DF95 /* MainMenu.xib */,
				EEA4F4B619927BD500A4DF95 /* Images.xcassets */,
				EEA4F4A519927BD500A4DF95 /* Supporting Files */,
			);
			path = InputSourceMonitor;
			sourceTree = "<group>";
		};
		EEA4F4A519927BD500A4DF95 /* Supporting Files */ = {
			isa = PBXGroup;
			children = (
				EE229A1B1A01D9790056BB60 /* AppIcon.icns */,
				EE229A171A01D5FD0056BB60 /* MenuBarIcon.png */,
				EE229A181A01D5FD0056BB60 /* MenuBarIcon@2x.png */,
				EEDBAD3F19DE2A0F00FBAED1 /* dsa_pub.pem */,
				EECA77F019C6A6E300505288 /* update-50.png */,
				EEA4F4A619927BD500A4DF95 /* Langy-Info.plist */,
				EEA4F4A719927BD500A4DF95 /* InfoPlist.strings */,
				EEA4F4AA19927BD500A4DF95 /* main.m */,
				EEA4F4AC19927BD500A4DF95 /* Langy-Prefix.pch */,
				EEA4F4AD19927BD500A4DF95 /* Credits.rtf */,
			);
			name = "Supporting Files";
			sourceTree = "<group>";
		};
		EEA4F4C219927BD500A4DF95 /* InputSourceMonitorTests */ = {
			isa = PBXGroup;
			children = (
				EEA4F4C819927BD500A4DF95 /* InputSourceMonitorTests.m */,
				EEA4F4C319927BD500A4DF95 /* Supporting Files */,
			);
			path = InputSourceMonitorTests;
			sourceTree = "<group>";
		};
		EEA4F4C319927BD500A4DF95 /* Supporting Files */ = {
			isa = PBXGroup;
			children = (
				EEA4F4C419927BD500A4DF95 /* LangyTests-Info.plist */,
				EEA4F4C519927BD500A4DF95 /* InfoPlist.strings */,
			);
			name = "Supporting Files";
			sourceTree = "<group>";
		};
		EEA92E1A199FACBE00A5A22B /* UI */ = {
			isa = PBXGroup;
			children = (
				EEA92E1B199FACBE00A5A22B /* PreferencesViewController.h */,
				EEA92E1C199FACBE00A5A22B /* PreferencesViewController.m */,
				EEA92E1E199FBB7B00A5A22B /* AppMenuItem.h */,
				EEA92E1F199FBB7B00A5A22B /* AppMenuItem.m */,
				EEA92E21199FC69500A5A22B /* AppsPopUpButton.h */,
				EEA92E22199FC69500A5A22B /* AppsPopUpButton.m */,
				EEAEA19919A26BC000CCA51E /* InputSourcePopUpButton.h */,
				EEAEA19A19A26BC000CCA51E /* InputSourcePopUpButton.m */,
				EE9EE09619A4599200A94668 /* InputSourceMenuItem.h */,
				EE9EE09719A4599200A94668 /* InputSourceMenuItem.m */,
				EE85868919DB9C8400F9B375 /* AboutWindowController.h */,
				EE85868A19DB9C8400F9B375 /* AboutWindowController.m */,
				EE85868B19DB9C8400F9B375 /* AboutWindowController.xib */,
			);
			path = UI;
			sourceTree = "<group>";
		};
		EEAF4F2019951F480009C061 /* Classes */ = {
			isa = PBXGroup;
			children = (
				EEAF4F2119951FB90009C061 /* InputSource.h */,
				EEAF4F2219951FB90009C061 /* InputSource.m */,
				EEAF4F26199587DC0009C061 /* ApplicationObserver.h */,
				EEAF4F27199587DC0009C061 /* ApplicationObserver.m */,
				EE3745C21997FA8600485137 /* UserDefaultsManager.h */,
				EE3745C31997FA8600485137 /* UserDefaultsManager.m */,
				EEA92E11199FA65800A5A22B /* AppFinder.h */,
				EEA92E12199FA65800A5A22B /* AppFinder.m */,
				EEAC9CF219AD65C900FAEE39 /* StoredApps.h */,
				EEAC9CF319AD65C900FAEE39 /* StoredApps.m */,
				EE68C7301A3AACF7005378B4 /* RememberLast.h */,
				EE68C7311A3AACF7005378B4 /* RememberLast.m */,
			);
			path = Classes;
			sourceTree = "<group>";
		};
/* End PBXGroup section */

/* Begin PBXNativeTarget section */
		EEA4F49A19927BD500A4DF95 /* Langy */ = {
			isa = PBXNativeTarget;
			buildConfigurationList = EEA4F4CC19927BD500A4DF95 /* Build configuration list for PBXNativeTarget "Langy" */;
			buildPhases = (
				0E782071DDB148AB88758A71 /* Check Pods Manifest.lock */,
				EEA4F49719927BD500A4DF95 /* Sources */,
				EEA4F49819927BD500A4DF95 /* Frameworks */,
				EEA4F49919927BD500A4DF95 /* Resources */,
				F70CBC7BBA624C04AD8080F6 /* Copy Pods Resources */,
				EEDBAD3D19DE26F100FBAED1 /* CopyFiles */,
			);
			buildRules = (
			);
			dependencies = (
			);
			name = Langy;
			productName = InputSourceChecker;
			productReference = EEA4F49B19927BD500A4DF95 /* Langy.app */;
			productType = "com.apple.product-type.application";
		};
		EEA4F4BB19927BD500A4DF95 /* LangyTests */ = {
			isa = PBXNativeTarget;
			buildConfigurationList = EEA4F4CF19927BD500A4DF95 /* Build configuration list for PBXNativeTarget "LangyTests" */;
			buildPhases = (
				EEA4F4B819927BD500A4DF95 /* Sources */,
				EEA4F4B919927BD500A4DF95 /* Frameworks */,
				EEA4F4BA19927BD500A4DF95 /* Resources */,
			);
			buildRules = (
			);
			dependencies = (
				EEA4F4C119927BD500A4DF95 /* PBXTargetDependency */,
			);
			name = LangyTests;
			productName = InputSourceCheckerTests;
			productReference = EEA4F4BC19927BD500A4DF95 /* LangyTests.xctest */;
			productType = "com.apple.product-type.bundle.unit-test";
		};
/* End PBXNativeTarget section */

/* Begin PBXProject section */
		EEA4F49319927BD500A4DF95 /* Project object */ = {
			isa = PBXProject;
			attributes = {
				LastUpgradeCheck = 0510;
				ORGANIZATIONNAME = "Nicolas Santangelo";
				TargetAttributes = {
					EEA4F4BB19927BD500A4DF95 = {
						TestTargetID = EEA4F49A19927BD500A4DF95;
					};
				};
			};
			buildConfigurationList = EEA4F49619927BD500A4DF95 /* Build configuration list for PBXProject "Langy" */;
			compatibilityVersion = "Xcode 3.2";
			developmentRegion = English;
			hasScannedForEncodings = 0;
			knownRegions = (
				en,
				Base,
			);
			mainGroup = EEA4F49219927BD500A4DF95;
			productRefGroup = EEA4F49C19927BD500A4DF95 /* Products */;
			projectDirPath = "";
			projectRoot = "";
			targets = (
				EEA4F49A19927BD500A4DF95 /* Langy */,
				EEA4F4BB19927BD500A4DF95 /* LangyTests */,
			);
		};
/* End PBXProject section */

/* Begin PBXResourcesBuildPhase section */
		EEA4F49919927BD500A4DF95 /* Resources */ = {
			isa = PBXResourcesBuildPhase;
			buildActionMask = 2147483647;
			files = (
				EE229A1A1A01D5FD0056BB60 /* MenuBarIcon@2x.png in Resources */,
				EEDBAD4019DE2A0F00FBAED1 /* dsa_pub.pem in Resources */,
				EEA4F4A919927BD500A4DF95 /* InfoPlist.strings in Resources */,
				EE85868D19DB9C8400F9B375 /* AboutWindowController.xib in Resources */,
				EEA4F4B719927BD500A4DF95 /* Images.xcassets in Resources */,
				EE229A1C1A01D9790056BB60 /* AppIcon.icns in Resources */,
				EECA77F119C6A6E300505288 /* update-50.png in Resources */,
				EE229A191A01D5FD0056BB60 /* MenuBarIcon.png in Resources */,
				EEA4F4AF19927BD500A4DF95 /* Credits.rtf in Resources */,
				EEA4F4B519927BD500A4DF95 /* MainMenu.xib in Resources */,
			);
			runOnlyForDeploymentPostprocessing = 0;
		};
		EEA4F4BA19927BD500A4DF95 /* Resources */ = {
			isa = PBXResourcesBuildPhase;
			buildActionMask = 2147483647;
			files = (
				EEA4F4C719927BD500A4DF95 /* InfoPlist.strings in Resources */,
			);
			runOnlyForDeploymentPostprocessing = 0;
		};
/* End PBXResourcesBuildPhase section */

/* Begin PBXShellScriptBuildPhase section */
		0E782071DDB148AB88758A71 /* Check Pods Manifest.lock */ = {
			isa = PBXShellScriptBuildPhase;
			buildActionMask = 2147483647;
			files = (
			);
			inputPaths = (
			);
			name = "Check Pods Manifest.lock";
			outputPaths = (
			);
			runOnlyForDeploymentPostprocessing = 0;
			shellPath = /bin/sh;
			shellScript = "diff \"${PODS_ROOT}/../Podfile.lock\" \"${PODS_ROOT}/Manifest.lock\" > /dev/null\nif [[ $? != 0 ]] ; then\n    cat << EOM\nerror: The sandbox is not in sync with the Podfile.lock. Run 'pod install' or update your CocoaPods installation.\nEOM\n    exit 1\nfi\n";
			showEnvVarsInLog = 0;
		};
		F70CBC7BBA624C04AD8080F6 /* Copy Pods Resources */ = {
			isa = PBXShellScriptBuildPhase;
			buildActionMask = 2147483647;
			files = (
			);
			inputPaths = (
			);
			name = "Copy Pods Resources";
			outputPaths = (
			);
			runOnlyForDeploymentPostprocessing = 0;
			shellPath = /bin/sh;
			shellScript = "\"${SRCROOT}/Pods/Pods-resources.sh\"\n";
			showEnvVarsInLog = 0;
		};
/* End PBXShellScriptBuildPhase section */

/* Begin PBXSourcesBuildPhase section */
		EEA4F49719927BD500A4DF95 /* Sources */ = {
			isa = PBXSourcesBuildPhase;
			buildActionMask = 2147483647;
			files = (
				EEAF4F28199587DC0009C061 /* ApplicationObserver.m in Sources */,
				EEAF4F2319951FB90009C061 /* InputSource.m in Sources */,
				EE68C7321A3AACF7005378B4 /* RememberLast.m in Sources */,
				EEA92E23199FC69500A5A22B /* AppsPopUpButton.m in Sources */,
				EE3745C41997FA8600485137 /* UserDefaultsManager.m in Sources */,
				EEA4F4B219927BD500A4DF95 /* AppDelegate.m in Sources */,
				EE74E77C19E0419400E16C82 /* LaunchAtLoginController.m in Sources */,
				EEA92E13199FA65800A5A22B /* AppFinder.m in Sources */,
				EEAEA19B19A26BC000CCA51E /* InputSourcePopUpButton.m in Sources */,
				EEA92E20199FBB7B00A5A22B /* AppMenuItem.m in Sources */,
				EEAC9CF419AD65C900FAEE39 /* StoredApps.m in Sources */,
				EEA92E1D199FACBE00A5A22B /* PreferencesViewController.m in Sources */,
				EE85868C19DB9C8400F9B375 /* AboutWindowController.m in Sources */,
				EEA4F4AB19927BD500A4DF95 /* main.m in Sources */,
				EE9EE09819A4599200A94668 /* InputSourceMenuItem.m in Sources */,
			);
			runOnlyForDeploymentPostprocessing = 0;
		};
		EEA4F4B819927BD500A4DF95 /* Sources */ = {
			isa = PBXSourcesBuildPhase;
			buildActionMask = 2147483647;
			files = (
				EEA4F4C919927BD500A4DF95 /* InputSourceMonitorTests.m in Sources */,
			);
			runOnlyForDeploymentPostprocessing = 0;
		};
/* End PBXSourcesBuildPhase section */

/* Begin PBXTargetDependency section */
		EEA4F4C119927BD500A4DF95 /* PBXTargetDependency */ = {
			isa = PBXTargetDependency;
			target = EEA4F49A19927BD500A4DF95 /* Langy */;
			targetProxy = EEA4F4C019927BD500A4DF95 /* PBXContainerItemProxy */;
		};
/* End PBXTargetDependency section */

/* Begin PBXVariantGroup section */
		EEA4F4A719927BD500A4DF95 /* InfoPlist.strings */ = {
			isa = PBXVariantGroup;
			children = (
				EEA4F4A819927BD500A4DF95 /* en */,
			);
			name = InfoPlist.strings;
			sourceTree = "<group>";
		};
		EEA4F4AD19927BD500A4DF95 /* Credits.rtf */ = {
			isa = PBXVariantGroup;
			children = (
				EEA4F4AE19927BD500A4DF95 /* en */,
			);
			name = Credits.rtf;
			sourceTree = "<group>";
		};
		EEA4F4B319927BD500A4DF95 /* MainMenu.xib */ = {
			isa = PBXVariantGroup;
			children = (
				EEA4F4B419927BD500A4DF95 /* Base */,
			);
			name = MainMenu.xib;
			sourceTree = "<group>";
		};
		EEA4F4C519927BD500A4DF95 /* InfoPlist.strings */ = {
			isa = PBXVariantGroup;
			children = (
				EEA4F4C619927BD500A4DF95 /* en */,
			);
			name = InfoPlist.strings;
			sourceTree = "<group>";
		};
/* End PBXVariantGroup section */

/* Begin XCBuildConfiguration section */
		EEA4F4CA19927BD500A4DF95 /* Debug */ = {
			isa = XCBuildConfiguration;
			buildSettings = {
				ALWAYS_SEARCH_USER_PATHS = NO;
				CLANG_CXX_LANGUAGE_STANDARD = "gnu++0x";
				CLANG_CXX_LIBRARY = "libc++";
				CLANG_ENABLE_MODULES = YES;
				CLANG_ENABLE_OBJC_ARC = YES;
				CLANG_WARN_BOOL_CONVERSION = YES;
				CLANG_WARN_CONSTANT_CONVERSION = YES;
				CLANG_WARN_DIRECT_OBJC_ISA_USAGE = YES_ERROR;
				CLANG_WARN_EMPTY_BODY = YES;
				CLANG_WARN_ENUM_CONVERSION = YES;
				CLANG_WARN_INT_CONVERSION = YES;
				CLANG_WARN_OBJC_ROOT_CLASS = YES_ERROR;
				CLANG_WARN__DUPLICATE_METHOD_MATCH = YES;
				COPY_PHASE_STRIP = NO;
				GCC_C_LANGUAGE_STANDARD = gnu99;
				GCC_DYNAMIC_NO_PIC = NO;
				GCC_ENABLE_OBJC_EXCEPTIONS = YES;
				GCC_OPTIMIZATION_LEVEL = 0;
				GCC_PREPROCESSOR_DEFINITIONS = (
					"DEBUG=1",
					"$(inherited)",
				);
				GCC_SYMBOLS_PRIVATE_EXTERN = NO;
				GCC_WARN_64_TO_32_BIT_CONVERSION = YES;
				GCC_WARN_ABOUT_RETURN_TYPE = YES_ERROR;
				GCC_WARN_UNDECLARED_SELECTOR = YES;
				GCC_WARN_UNINITIALIZED_AUTOS = YES_AGGRESSIVE;
				GCC_WARN_UNUSED_FUNCTION = YES;
				GCC_WARN_UNUSED_VARIABLE = YES;
				MACOSX_DEPLOYMENT_TARGET = 10.9;
				ONLY_ACTIVE_ARCH = YES;
				SDKROOT = macosx;
			};
			name = Debug;
		};
		EEA4F4CB19927BD500A4DF95 /* Release */ = {
			isa = XCBuildConfiguration;
			buildSettings = {
				ALWAYS_SEARCH_USER_PATHS = NO;
				CLANG_CXX_LANGUAGE_STANDARD = "gnu++0x";
				CLANG_CXX_LIBRARY = "libc++";
				CLANG_ENABLE_MODULES = YES;
				CLANG_ENABLE_OBJC_ARC = YES;
				CLANG_WARN_BOOL_CONVERSION = YES;
				CLANG_WARN_CONSTANT_CONVERSION = YES;
				CLANG_WARN_DIRECT_OBJC_ISA_USAGE = YES_ERROR;
				CLANG_WARN_EMPTY_BODY = YES;
				CLANG_WARN_ENUM_CONVERSION = YES;
				CLANG_WARN_INT_CONVERSION = YES;
				CLANG_WARN_OBJC_ROOT_CLASS = YES_ERROR;
				CLANG_WARN__DUPLICATE_METHOD_MATCH = YES;
				COPY_PHASE_STRIP = YES;
				DEBUG_INFORMATION_FORMAT = "dwarf-with-dsym";
				ENABLE_NS_ASSERTIONS = NO;
				GCC_C_LANGUAGE_STANDARD = gnu99;
				GCC_ENABLE_OBJC_EXCEPTIONS = YES;
				GCC_WARN_64_TO_32_BIT_CONVERSION = YES;
				GCC_WARN_ABOUT_RETURN_TYPE = YES_ERROR;
				GCC_WARN_UNDECLARED_SELECTOR = YES;
				GCC_WARN_UNINITIALIZED_AUTOS = YES_AGGRESSIVE;
				GCC_WARN_UNUSED_FUNCTION = YES;
				GCC_WARN_UNUSED_VARIABLE = YES;
				MACOSX_DEPLOYMENT_TARGET = 10.9;
				SDKROOT = macosx;
			};
			name = Release;
		};
		EEA4F4CD19927BD500A4DF95 /* Debug */ = {
			isa = XCBuildConfiguration;
			baseConfigurationReference = A3D3FA00A1D746D7BBCB7A0F /* Pods.xcconfig */;
			buildSettings = {
				ASSETCATALOG_COMPILER_APPICON_NAME = AppIcon;
				COMBINE_HIDPI_IMAGES = YES;
				FRAMEWORK_SEARCH_PATHS = (
					"$(inherited)",
					"$(PROJECT_DIR)/Pods/Sparkle",
				);
				GCC_PRECOMPILE_PREFIX_HEADER = YES;
				GCC_PREFIX_HEADER = "InputSourceMonitor/Langy-Prefix.pch";
				INFOPLIST_FILE = "InputSourceMonitor/Langy-Info.plist";
				MACOSX_DEPLOYMENT_TARGET = 10.9;
				PRODUCT_NAME = Langy;
				SDKROOT = macosx;
				WRAPPER_EXTENSION = app;
			};
			name = Debug;
		};
		EEA4F4CE19927BD500A4DF95 /* Release */ = {
			isa = XCBuildConfiguration;
			baseConfigurationReference = A3D3FA00A1D746D7BBCB7A0F /* Pods.xcconfig */;
			buildSettings = {
				ASSETCATALOG_COMPILER_APPICON_NAME = AppIcon;
				COMBINE_HIDPI_IMAGES = YES;
				FRAMEWORK_SEARCH_PATHS = (
					"$(inherited)",
					"$(PROJECT_DIR)/Pods/Sparkle",
				);
				GCC_PRECOMPILE_PREFIX_HEADER = YES;
				GCC_PREFIX_HEADER = "InputSourceMonitor/Langy-Prefix.pch";
				INFOPLIST_FILE = "InputSourceMonitor/Langy-Info.plist";
				MACOSX_DEPLOYMENT_TARGET = 10.9;
				PRODUCT_NAME = Langy;
				SDKROOT = macosx;
				WRAPPER_EXTENSION = app;
			};
			name = Release;
		};
		EEA4F4D019927BD500A4DF95 /* Debug */ = {
			isa = XCBuildConfiguration;
			buildSettings = {
				BUNDLE_LOADER = "$(BUILT_PRODUCTS_DIR)/InputSourceMonitor.app/Contents/MacOS/InputSourceMonitor";
				COMBINE_HIDPI_IMAGES = YES;
				FRAMEWORK_SEARCH_PATHS = (
					"$(DEVELOPER_FRAMEWORKS_DIR)",
					"$(inherited)",
				);
				GCC_PRECOMPILE_PREFIX_HEADER = YES;
				GCC_PREFIX_HEADER = "InputSourceMonitor/InputSourceMonitor-Prefix.pch";
				GCC_PREPROCESSOR_DEFINITIONS = (
					"DEBUG=1",
					"$(inherited)",
				);
				INFOPLIST_FILE = "InputSourceMonitorTests/LangyTests-Info.plist";
				PRODUCT_NAME = LangyTests;
				TEST_HOST = "$(BUNDLE_LOADER)";
				WRAPPER_EXTENSION = xctest;
			};
			name = Debug;
		};
		EEA4F4D119927BD500A4DF95 /* Release */ = {
			isa = XCBuildConfiguration;
			buildSettings = {
				BUNDLE_LOADER = "$(BUILT_PRODUCTS_DIR)/InputSourceMonitor.app/Contents/MacOS/InputSourceMonitor";
				COMBINE_HIDPI_IMAGES = YES;
				FRAMEWORK_SEARCH_PATHS = (
					"$(DEVELOPER_FRAMEWORKS_DIR)",
					"$(inherited)",
				);
				GCC_PRECOMPILE_PREFIX_HEADER = YES;
				GCC_PREFIX_HEADER = "InputSourceMonitor/InputSourceMonitor-Prefix.pch";
				INFOPLIST_FILE = "InputSourceMonitorTests/LangyTests-Info.plist";
				PRODUCT_NAME = LangyTests;
				TEST_HOST = "$(BUNDLE_LOADER)";
				WRAPPER_EXTENSION = xctest;
			};
			name = Release;
		};
/* End XCBuildConfiguration section */

/* Begin XCConfigurationList section */
		EEA4F49619927BD500A4DF95 /* Build configuration list for PBXProject "Langy" */ = {
			isa = XCConfigurationList;
			buildConfigurations = (
				EEA4F4CA19927BD500A4DF95 /* Debug */,
				EEA4F4CB19927BD500A4DF95 /* Release */,
			);
			defaultConfigurationIsVisible = 0;
			defaultConfigurationName = Release;
		};
		EEA4F4CC19927BD500A4DF95 /* Build configuration list for PBXNativeTarget "Langy" */ = {
			isa = XCConfigurationList;
			buildConfigurations = (
				EEA4F4CD19927BD500A4DF95 /* Debug */,
				EEA4F4CE19927BD500A4DF95 /* Release */,
			);
			defaultConfigurationIsVisible = 0;
			defaultConfigurationName = Release;
		};
		EEA4F4CF19927BD500A4DF95 /* Build configuration list for PBXNativeTarget "LangyTests" */ = {
			isa = XCConfigurationList;
			buildConfigurations = (
				EEA4F4D019927BD500A4DF95 /* Debug */,
				EEA4F4D119927BD500A4DF95 /* Release */,
			);
			defaultConfigurationIsVisible = 0;
			defaultConfigurationName = Release;
		};
/* End XCConfigurationList section */
	};
	rootObject = EEA4F49319927BD500A4DF95 /* Project object */;
}
